
Microsoft Visual Studio Solution File, Format Version 12.00
# Visual Studio Version 16
VisualStudioVersion = 25.0.1706.3
MinimumVisualStudioVersion = 10.0.40219.1
Project("{FAE04EC0-301F-11D3-BF4B-00C04F79EFBC}") = "Web1", "Web1\Web1.csproj", "{458A673D-4306-4EC9-9E76-468E32FB6E01}"
EndProject
Global
	GlobalSection(SolutionConfigurationPlatforms) = preSolution
		Debug|Any CPU = Debug|Any CPU
		Release|Any CPU = Release|Any CPU
	EndGlobalSection
	GlobalSection(ProjectConfigurationPlatforms) = postSolution
		{458A673D-4306-4EC9-9E76-468E32FB6E01}.Debug|Any CPU.ActiveCfg = Debug|Any CPU
		{458A673D-4306-4EC9-9E76-468E32FB6E01}.Debug|Any CPU.Build.0 = Debug|Any CPU
		{458A673D-4306-4EC9-9E76-468E32FB6E01}.Release|Any CPU.ActiveCfg = Release|Any CPU
		{458A673D-4306-4EC9-9E76-468E32FB6E01}.Release|Any CPU.Build.0 = Release|Any CPU
	EndGlobalSection
	GlobalSection(SolutionProperties) = preSolution
		HideSolutionNode = FALSE
	EndGlobalSection
	GlobalSection(ExtensibilityGlobals) = postSolution
		SolutionGuid = {684E9A66-1D7A-4517-9F1E-AA23B24EE33D}
	EndGlobalSection
EndGlobal
